// !$*UTF8*$!
{
	archiveVersion = 1;
	classes = {
	};
	objectVersion = 56;
	objects = {

/* Begin PBXBuildFile section */
		98C0A8382A4E342C00FA29BB /* RegisterViewController.swift in Sources */ = {isa = PBXBuildFile; fileRef = 98C0A8302A4E342C00FA29BB /* RegisterViewController.swift */; };
		98C0A8392A4E342C00FA29BB /* RegisterScreen.swift in Sources */ = {isa = PBXBuildFile; fileRef = 98C0A8322A4E342C00FA29BB /* RegisterScreen.swift */; };
		98C0A83A2A4E342C00FA29BB /* LoginViewController.swift in Sources */ = {isa = PBXBuildFile; fileRef = 98C0A8352A4E342C00FA29BB /* LoginViewController.swift */; };
		98C0A83B2A4E342C00FA29BB /* LoginScreen.swift in Sources */ = {isa = PBXBuildFile; fileRef = 98C0A8372A4E342C00FA29BB /* LoginScreen.swift */; };
		98C0A83E2A4E34FE00FA29BB /* Alert.swift in Sources */ = {isa = PBXBuildFile; fileRef = 98C0A83D2A4E34FE00FA29BB /* Alert.swift */; };
		98C0A8412A4E35DB00FA29BB /* FirebaseAnalytics in Frameworks */ = {isa = PBXBuildFile; productRef = 98C0A8402A4E35DB00FA29BB /* FirebaseAnalytics */; };
		98C0A8432A4E35DB00FA29BB /* FirebaseAuth in Frameworks */ = {isa = PBXBuildFile; productRef = 98C0A8422A4E35DB00FA29BB /* FirebaseAuth */; };
		98C0A8452A4E35DB00FA29BB /* FirebaseFirestore in Frameworks */ = {isa = PBXBuildFile; productRef = 98C0A8442A4E35DB00FA29BB /* FirebaseFirestore */; };
		98C0A8472A4E35DB00FA29BB /* FirebaseFirestoreSwift in Frameworks */ = {isa = PBXBuildFile; productRef = 98C0A8462A4E35DB00FA29BB /* FirebaseFirestoreSwift */; };
		98C0A8492A4E35DB00FA29BB /* FirebaseStorage in Frameworks */ = {isa = PBXBuildFile; productRef = 98C0A8482A4E35DB00FA29BB /* FirebaseStorage */; };
		98C0A84E2A4E364B00FA29BB /* Utils.swift in Sources */ = {isa = PBXBuildFile; fileRef = 98C0A84C2A4E364B00FA29BB /* Utils.swift */; };
		98C0A8562A4E378200FA29BB /* SnapKit in Frameworks */ = {isa = PBXBuildFile; productRef = 98C0A8552A4E378200FA29BB /* SnapKit */; };
		98C0A85A2A4E3CA500FA29BB /* Extension+UIView.swift in Sources */ = {isa = PBXBuildFile; fileRef = 98C0A8592A4E3CA500FA29BB /* Extension+UIView.swift */; };
		98C0A85C2A4E407500FA29BB /* Custom.swift in Sources */ = {isa = PBXBuildFile; fileRef = 98C0A85B2A4E407500FA29BB /* Custom.swift */; };
		98C0A8662A4E421800FA29BB /* Poppins-Medium.ttf in Resources */ = {isa = PBXBuildFile; fileRef = 98C0A8632A4E421800FA29BB /* Poppins-Medium.ttf */; };
		98C0A8672A4E421800FA29BB /* Poppins-Bold.ttf in Resources */ = {isa = PBXBuildFile; fileRef = 98C0A8642A4E421800FA29BB /* Poppins-Bold.ttf */; };
		98C0A8682A4E421800FA29BB /* Poppins-SemiBold.ttf in Resources */ = {isa = PBXBuildFile; fileRef = 98C0A8652A4E421800FA29BB /* Poppins-SemiBold.ttf */; };
		98C0A86B2A4E431F00FA29BB /* Extension+Button.swift in Sources */ = {isa = PBXBuildFile; fileRef = 98C0A8692A4E431E00FA29BB /* Extension+Button.swift */; };
		98C0A86C2A4E431F00FA29BB /* Extension+String.swift in Sources */ = {isa = PBXBuildFile; fileRef = 98C0A86A2A4E431F00FA29BB /* Extension+String.swift */; };
		98C7A60E2A4F406B00FA1201 /* HomeViewController.swift in Sources */ = {isa = PBXBuildFile; fileRef = 98C7A60D2A4F406B00FA1201 /* HomeViewController.swift */; };
		98C7A6102A4F407F00FA1201 /* HomeScreen.swift in Sources */ = {isa = PBXBuildFile; fileRef = 98C7A60F2A4F407F00FA1201 /* HomeScreen.swift */; };
		98C7A6132A4F417F00FA1201 /* NavView.swift in Sources */ = {isa = PBXBuildFile; fileRef = 98C7A6122A4F417F00FA1201 /* NavView.swift */; };
		98D0B0532A4EEA7900EF39A0 /* GoogleService-Info.plist in Resources */ = {isa = PBXBuildFile; fileRef = 98D0B0522A4EEA7900EF39A0 /* GoogleService-Info.plist */; };
		98D760222A4E2ABC00A9738D /* AppDelegate.swift in Sources */ = {isa = PBXBuildFile; fileRef = 98D760212A4E2ABC00A9738D /* AppDelegate.swift */; };
		98D760242A4E2ABC00A9738D /* SceneDelegate.swift in Sources */ = {isa = PBXBuildFile; fileRef = 98D760232A4E2ABC00A9738D /* SceneDelegate.swift */; };
		98D760262A4E2ABC00A9738D /* ViewController.swift in Sources */ = {isa = PBXBuildFile; fileRef = 98D760252A4E2ABC00A9738D /* ViewController.swift */; };
		98D7602B2A4E2ABE00A9738D /* Assets.xcassets in Resources */ = {isa = PBXBuildFile; fileRef = 98D7602A2A4E2ABE00A9738D /* Assets.xcassets */; };
		98D7602E2A4E2ABE00A9738D /* LaunchScreen.storyboard in Resources */ = {isa = PBXBuildFile; fileRef = 98D7602C2A4E2ABE00A9738D /* LaunchScreen.storyboard */; };
		98D760392A4E2ABF00A9738D /* messageViewCodeTests.swift in Sources */ = {isa = PBXBuildFile; fileRef = 98D760382A4E2ABF00A9738D /* messageViewCodeTests.swift */; };
		98D760432A4E2ABF00A9738D /* messageViewCodeUITests.swift in Sources */ = {isa = PBXBuildFile; fileRef = 98D760422A4E2ABF00A9738D /* messageViewCodeUITests.swift */; };
		98D760452A4E2ABF00A9738D /* messageViewCodeUITestsLaunchTests.swift in Sources */ = {isa = PBXBuildFile; fileRef = 98D760442A4E2ABF00A9738D /* messageViewCodeUITestsLaunchTests.swift */; };
/* End PBXBuildFile section */

/* Begin PBXContainerItemProxy section */
		98D760352A4E2ABF00A9738D /* PBXContainerItemProxy */ = {
			isa = PBXContainerItemProxy;
			containerPortal = 98D760162A4E2ABC00A9738D /* Project object */;
			proxyType = 1;
			remoteGlobalIDString = 98D7601D2A4E2ABC00A9738D;
			remoteInfo = messageViewCode;
		};
		98D7603F2A4E2ABF00A9738D /* PBXContainerItemProxy */ = {
			isa = PBXContainerItemProxy;
			containerPortal = 98D760162A4E2ABC00A9738D /* Project object */;
			proxyType = 1;
			remoteGlobalIDString = 98D7601D2A4E2ABC00A9738D;
			remoteInfo = messageViewCode;
		};
/* End PBXContainerItemProxy section */

/* Begin PBXFileReference section */
		98C0A8302A4E342C00FA29BB /* RegisterViewController.swift */ = {isa = PBXFileReference; fileEncoding = 4; lastKnownFileType = sourcecode.swift; path = RegisterViewController.swift; sourceTree = "<group>"; };
		98C0A8322A4E342C00FA29BB /* RegisterScreen.swift */ = {isa = PBXFileReference; fileEncoding = 4; lastKnownFileType = sourcecode.swift; path = RegisterScreen.swift; sourceTree = "<group>"; };
		98C0A8352A4E342C00FA29BB /* LoginViewController.swift */ = {isa = PBXFileReference; fileEncoding = 4; lastKnownFileType = sourcecode.swift; path = LoginViewController.swift; sourceTree = "<group>"; };
		98C0A8372A4E342C00FA29BB /* LoginScreen.swift */ = {isa = PBXFileReference; fileEncoding = 4; lastKnownFileType = sourcecode.swift; path = LoginScreen.swift; sourceTree = "<group>"; };
		98C0A83D2A4E34FE00FA29BB /* Alert.swift */ = {isa = PBXFileReference; fileEncoding = 4; lastKnownFileType = sourcecode.swift; path = Alert.swift; sourceTree = "<group>"; };
		98C0A84C2A4E364B00FA29BB /* Utils.swift */ = {isa = PBXFileReference; fileEncoding = 4; lastKnownFileType = sourcecode.swift; path = Utils.swift; sourceTree = "<group>"; };
		98C0A8592A4E3CA500FA29BB /* Extension+UIView.swift */ = {isa = PBXFileReference; lastKnownFileType = sourcecode.swift; path = "Extension+UIView.swift"; sourceTree = "<group>"; };
		98C0A85B2A4E407500FA29BB /* Custom.swift */ = {isa = PBXFileReference; lastKnownFileType = sourcecode.swift; path = Custom.swift; sourceTree = "<group>"; };
		98C0A8632A4E421800FA29BB /* Poppins-Medium.ttf */ = {isa = PBXFileReference; lastKnownFileType = file; path = "Poppins-Medium.ttf"; sourceTree = "<group>"; };
		98C0A8642A4E421800FA29BB /* Poppins-Bold.ttf */ = {isa = PBXFileReference; lastKnownFileType = file; path = "Poppins-Bold.ttf"; sourceTree = "<group>"; };
		98C0A8652A4E421800FA29BB /* Poppins-SemiBold.ttf */ = {isa = PBXFileReference; lastKnownFileType = file; path = "Poppins-SemiBold.ttf"; sourceTree = "<group>"; };
		98C0A8692A4E431E00FA29BB /* Extension+Button.swift */ = {isa = PBXFileReference; fileEncoding = 4; lastKnownFileType = sourcecode.swift; path = "Extension+Button.swift"; sourceTree = "<group>"; };
		98C0A86A2A4E431F00FA29BB /* Extension+String.swift */ = {isa = PBXFileReference; fileEncoding = 4; lastKnownFileType = sourcecode.swift; path = "Extension+String.swift"; sourceTree = "<group>"; };
		98C7A60D2A4F406B00FA1201 /* HomeViewController.swift */ = {isa = PBXFileReference; lastKnownFileType = sourcecode.swift; path = HomeViewController.swift; sourceTree = "<group>"; };
		98C7A60F2A4F407F00FA1201 /* HomeScreen.swift */ = {isa = PBXFileReference; lastKnownFileType = sourcecode.swift; path = HomeScreen.swift; sourceTree = "<group>"; };
		98C7A6122A4F417F00FA1201 /* NavView.swift */ = {isa = PBXFileReference; lastKnownFileType = sourcecode.swift; path = NavView.swift; sourceTree = "<group>"; };
		98D0B0522A4EEA7900EF39A0 /* GoogleService-Info.plist */ = {isa = PBXFileReference; fileEncoding = 4; lastKnownFileType = text.plist.xml; path = "GoogleService-Info.plist"; sourceTree = "<group>"; };
		98D7601E2A4E2ABC00A9738D /* messageViewCode.app */ = {isa = PBXFileReference; explicitFileType = wrapper.application; includeInIndex = 0; path = messageViewCode.app; sourceTree = BUILT_PRODUCTS_DIR; };
		98D760212A4E2ABC00A9738D /* AppDelegate.swift */ = {isa = PBXFileReference; lastKnownFileType = sourcecode.swift; path = AppDelegate.swift; sourceTree = "<group>"; };
		98D760232A4E2ABC00A9738D /* SceneDelegate.swift */ = {isa = PBXFileReference; lastKnownFileType = sourcecode.swift; path = SceneDelegate.swift; sourceTree = "<group>"; };
		98D760252A4E2ABC00A9738D /* ViewController.swift */ = {isa = PBXFileReference; lastKnownFileType = sourcecode.swift; path = ViewController.swift; sourceTree = "<group>"; };
		98D7602A2A4E2ABE00A9738D /* Assets.xcassets */ = {isa = PBXFileReference; lastKnownFileType = folder.assetcatalog; path = Assets.xcassets; sourceTree = "<group>"; };
		98D7602D2A4E2ABE00A9738D /* Base */ = {isa = PBXFileReference; lastKnownFileType = file.storyboard; name = Base; path = Base.lproj/LaunchScreen.storyboard; sourceTree = "<group>"; };
		98D7602F2A4E2ABE00A9738D /* Info.plist */ = {isa = PBXFileReference; lastKnownFileType = text.plist.xml; path = Info.plist; sourceTree = "<group>"; };
		98D760342A4E2ABF00A9738D /* messageViewCodeTests.xctest */ = {isa = PBXFileReference; explicitFileType = wrapper.cfbundle; includeInIndex = 0; path = messageViewCodeTests.xctest; sourceTree = BUILT_PRODUCTS_DIR; };
		98D760382A4E2ABF00A9738D /* messageViewCodeTests.swift */ = {isa = PBXFileReference; lastKnownFileType = sourcecode.swift; path = messageViewCodeTests.swift; sourceTree = "<group>"; };
		98D7603E2A4E2ABF00A9738D /* messageViewCodeUITests.xctest */ = {isa = PBXFileReference; explicitFileType = wrapper.cfbundle; includeInIndex = 0; path = messageViewCodeUITests.xctest; sourceTree = BUILT_PRODUCTS_DIR; };
		98D760422A4E2ABF00A9738D /* messageViewCodeUITests.swift */ = {isa = PBXFileReference; lastKnownFileType = sourcecode.swift; path = messageViewCodeUITests.swift; sourceTree = "<group>"; };
		98D760442A4E2ABF00A9738D /* messageViewCodeUITestsLaunchTests.swift */ = {isa = PBXFileReference; lastKnownFileType = sourcecode.swift; path = messageViewCodeUITestsLaunchTests.swift; sourceTree = "<group>"; };
/* End PBXFileReference section */

/* Begin PBXFrameworksBuildPhase section */
		98D7601B2A4E2ABC00A9738D /* Frameworks */ = {
			isa = PBXFrameworksBuildPhase;
			buildActionMask = 2147483647;
			files = (
				98C0A8412A4E35DB00FA29BB /* FirebaseAnalytics in Frameworks */,
				98C0A8432A4E35DB00FA29BB /* FirebaseAuth in Frameworks */,
				98C0A8452A4E35DB00FA29BB /* FirebaseFirestore in Frameworks */,
				98C0A8562A4E378200FA29BB /* SnapKit in Frameworks */,
				98C0A8492A4E35DB00FA29BB /* FirebaseStorage in Frameworks */,
				98C0A8472A4E35DB00FA29BB /* FirebaseFirestoreSwift in Frameworks */,
			);
			runOnlyForDeploymentPostprocessing = 0;
		};
		98D760312A4E2ABF00A9738D /* Frameworks */ = {
			isa = PBXFrameworksBuildPhase;
			buildActionMask = 2147483647;
			files = (
			);
			runOnlyForDeploymentPostprocessing = 0;
		};
		98D7603B2A4E2ABF00A9738D /* Frameworks */ = {
			isa = PBXFrameworksBuildPhase;
			buildActionMask = 2147483647;
			files = (
			);
			runOnlyForDeploymentPostprocessing = 0;
		};
/* End PBXFrameworksBuildPhase section */

/* Begin PBXGroup section */
		98C0A82E2A4E342C00FA29BB /* Register */ = {
			isa = PBXGroup;
			children = (
				98C0A82F2A4E342C00FA29BB /* VC */,
				98C0A8312A4E342C00FA29BB /* Screen */,
			);
			path = Register;
			sourceTree = "<group>";
		};
		98C0A82F2A4E342C00FA29BB /* VC */ = {
			isa = PBXGroup;
			children = (
				98C0A8302A4E342C00FA29BB /* RegisterViewController.swift */,
			);
			path = VC;
			sourceTree = "<group>";
		};
		98C0A8312A4E342C00FA29BB /* Screen */ = {
			isa = PBXGroup;
			children = (
				98C0A8322A4E342C00FA29BB /* RegisterScreen.swift */,
			);
			path = Screen;
			sourceTree = "<group>";
		};
		98C0A8332A4E342C00FA29BB /* Login */ = {
			isa = PBXGroup;
			children = (
				98C0A8342A4E342C00FA29BB /* VC */,
				98C0A8362A4E342C00FA29BB /* Screen */,
			);
			path = Login;
			sourceTree = "<group>";
		};
		98C0A8342A4E342C00FA29BB /* VC */ = {
			isa = PBXGroup;
			children = (
				98C0A8352A4E342C00FA29BB /* LoginViewController.swift */,
			);
			path = VC;
			sourceTree = "<group>";
		};
		98C0A8362A4E342C00FA29BB /* Screen */ = {
			isa = PBXGroup;
			children = (
				98C0A8372A4E342C00FA29BB /* LoginScreen.swift */,
			);
			path = Screen;
			sourceTree = "<group>";
		};
		98C0A83C2A4E34FE00FA29BB /* Alert */ = {
			isa = PBXGroup;
			children = (
				98C0A83D2A4E34FE00FA29BB /* Alert.swift */,
			);
			path = Alert;
			sourceTree = "<group>";
		};
		98C0A84A2A4E364B00FA29BB /* Utils */ = {
			isa = PBXGroup;
			children = (
				98C0A8622A4E421800FA29BB /* Fonts */,
				98C0A8692A4E431E00FA29BB /* Extension+Button.swift */,
				98C0A86A2A4E431F00FA29BB /* Extension+String.swift */,
				98C0A8592A4E3CA500FA29BB /* Extension+UIView.swift */,
				98C0A85B2A4E407500FA29BB /* Custom.swift */,
				98C0A84C2A4E364B00FA29BB /* Utils.swift */,
			);
			path = Utils;
			sourceTree = "<group>";
		};
		98C0A8622A4E421800FA29BB /* Fonts */ = {
			isa = PBXGroup;
			children = (
				98C0A8632A4E421800FA29BB /* Poppins-Medium.ttf */,
				98C0A8642A4E421800FA29BB /* Poppins-Bold.ttf */,
				98C0A8652A4E421800FA29BB /* Poppins-SemiBold.ttf */,
			);
			path = Fonts;
			sourceTree = "<group>";
		};
		98C7A60A2A4F404C00FA1201 /* Home */ = {
			isa = PBXGroup;
			children = (
				98C7A6112A4F415A00FA1201 /* NavView */,
				98C7A60C2A4F405300FA1201 /* Screen */,
				98C7A60B2A4F404F00FA1201 /* VC */,
			);
			path = Home;
			sourceTree = "<group>";
		};
		98C7A60B2A4F404F00FA1201 /* VC */ = {
			isa = PBXGroup;
			children = (
				98C7A60D2A4F406B00FA1201 /* HomeViewController.swift */,
			);
			path = VC;
			sourceTree = "<group>";
		};
		98C7A60C2A4F405300FA1201 /* Screen */ = {
			isa = PBXGroup;
			children = (
				98C7A60F2A4F407F00FA1201 /* HomeScreen.swift */,
			);
			path = Screen;
			sourceTree = "<group>";
		};
		98C7A6112A4F415A00FA1201 /* NavView */ = {
			isa = PBXGroup;
			children = (
				98C7A6122A4F417F00FA1201 /* NavView.swift */,
			);
			path = NavView;
			sourceTree = "<group>";
		};
		98D760152A4E2ABC00A9738D = {
			isa = PBXGroup;
			children = (
				98D760202A4E2ABC00A9738D /* messageViewCode */,
				98D760372A4E2ABF00A9738D /* messageViewCodeTests */,
				98D760412A4E2ABF00A9738D /* messageViewCodeUITests */,
				98D7601F2A4E2ABC00A9738D /* Products */,
			);
			sourceTree = "<group>";
		};
		98D7601F2A4E2ABC00A9738D /* Products */ = {
			isa = PBXGroup;
			children = (
				98D7601E2A4E2ABC00A9738D /* messageViewCode.app */,
				98D760342A4E2ABF00A9738D /* messageViewCodeTests.xctest */,
				98D7603E2A4E2ABF00A9738D /* messageViewCodeUITests.xctest */,
			);
			name = Products;
			sourceTree = "<group>";
		};
		98D760202A4E2ABC00A9738D /* messageViewCode */ = {
			isa = PBXGroup;
			children = (
				98C7A60A2A4F404C00FA1201 /* Home */,
				98C0A84A2A4E364B00FA29BB /* Utils */,
				98C0A83C2A4E34FE00FA29BB /* Alert */,
				98C0A8332A4E342C00FA29BB /* Login */,
				98C0A82E2A4E342C00FA29BB /* Register */,
				98D760212A4E2ABC00A9738D /* AppDelegate.swift */,
				98D760232A4E2ABC00A9738D /* SceneDelegate.swift */,
				98D760252A4E2ABC00A9738D /* ViewController.swift */,
				98D7602A2A4E2ABE00A9738D /* Assets.xcassets */,
				98D7602C2A4E2ABE00A9738D /* LaunchScreen.storyboard */,
				98D7602F2A4E2ABE00A9738D /* Info.plist */,
				98D0B0522A4EEA7900EF39A0 /* GoogleService-Info.plist */,
			);
			path = messageViewCode;
			sourceTree = "<group>";
		};
		98D760372A4E2ABF00A9738D /* messageViewCodeTests */ = {
			isa = PBXGroup;
			children = (
				98D760382A4E2ABF00A9738D /* messageViewCodeTests.swift */,
			);
			path = messageViewCodeTests;
			sourceTree = "<group>";
		};
		98D760412A4E2ABF00A9738D /* messageViewCodeUITests */ = {
			isa = PBXGroup;
			children = (
				98D760422A4E2ABF00A9738D /* messageViewCodeUITests.swift */,
				98D760442A4E2ABF00A9738D /* messageViewCodeUITestsLaunchTests.swift */,
			);
			path = messageViewCodeUITests;
			sourceTree = "<group>";
		};
/* End PBXGroup section */

/* Begin PBXNativeTarget section */
		98D7601D2A4E2ABC00A9738D /* messageViewCode */ = {
			isa = PBXNativeTarget;
			buildConfigurationList = 98D760482A4E2ABF00A9738D /* Build configuration list for PBXNativeTarget "messageViewCode" */;
			buildPhases = (
				98D7601A2A4E2ABC00A9738D /* Sources */,
				98D7601B2A4E2ABC00A9738D /* Frameworks */,
				98D7601C2A4E2ABC00A9738D /* Resources */,
			);
			buildRules = (
			);
			dependencies = (
			);
			name = messageViewCode;
			packageProductDependencies = (
				98C0A8402A4E35DB00FA29BB /* FirebaseAnalytics */,
				98C0A8422A4E35DB00FA29BB /* FirebaseAuth */,
				98C0A8442A4E35DB00FA29BB /* FirebaseFirestore */,
				98C0A8462A4E35DB00FA29BB /* FirebaseFirestoreSwift */,
				98C0A8482A4E35DB00FA29BB /* FirebaseStorage */,
				98C0A8552A4E378200FA29BB /* SnapKit */,
			);
			productName = messageViewCode;
			productReference = 98D7601E2A4E2ABC00A9738D /* messageViewCode.app */;
			productType = "com.apple.product-type.application";
		};
		98D760332A4E2ABF00A9738D /* messageViewCodeTests */ = {
			isa = PBXNativeTarget;
			buildConfigurationList = 98D7604B2A4E2ABF00A9738D /* Build configuration list for PBXNativeTarget "messageViewCodeTests" */;
			buildPhases = (
				98D760302A4E2ABF00A9738D /* Sources */,
				98D760312A4E2ABF00A9738D /* Frameworks */,
				98D760322A4E2ABF00A9738D /* Resources */,
			);
			buildRules = (
			);
			dependencies = (
				98D760362A4E2ABF00A9738D /* PBXTargetDependency */,
			);
			name = messageViewCodeTests;
			productName = messageViewCodeTests;
			productReference = 98D760342A4E2ABF00A9738D /* messageViewCodeTests.xctest */;
			productType = "com.apple.product-type.bundle.unit-test";
		};
		98D7603D2A4E2ABF00A9738D /* messageViewCodeUITests */ = {
			isa = PBXNativeTarget;
			buildConfigurationList = 98D7604E2A4E2ABF00A9738D /* Build configuration list for PBXNativeTarget "messageViewCodeUITests" */;
			buildPhases = (
				98D7603A2A4E2ABF00A9738D /* Sources */,
				98D7603B2A4E2ABF00A9738D /* Frameworks */,
				98D7603C2A4E2ABF00A9738D /* Resources */,
			);
			buildRules = (
			);
			dependencies = (
				98D760402A4E2ABF00A9738D /* PBXTargetDependency */,
			);
			name = messageViewCodeUITests;
			productName = messageViewCodeUITests;
			productReference = 98D7603E2A4E2ABF00A9738D /* messageViewCodeUITests.xctest */;
			productType = "com.apple.product-type.bundle.ui-testing";
		};
/* End PBXNativeTarget section */

/* Begin PBXProject section */
		98D760162A4E2ABC00A9738D /* Project object */ = {
			isa = PBXProject;
			attributes = {
				BuildIndependentTargetsInParallel = 1;
				LastSwiftUpdateCheck = 1430;
				LastUpgradeCheck = 1430;
				TargetAttributes = {
					98D7601D2A4E2ABC00A9738D = {
						CreatedOnToolsVersion = 14.3.1;
					};
					98D760332A4E2ABF00A9738D = {
						CreatedOnToolsVersion = 14.3.1;
						TestTargetID = 98D7601D2A4E2ABC00A9738D;
					};
					98D7603D2A4E2ABF00A9738D = {
						CreatedOnToolsVersion = 14.3.1;
						TestTargetID = 98D7601D2A4E2ABC00A9738D;
					};
				};
			};
			buildConfigurationList = 98D760192A4E2ABC00A9738D /* Build configuration list for PBXProject "messageViewCode" */;
			compatibilityVersion = "Xcode 14.0";
			developmentRegion = en;
			hasScannedForEncodings = 0;
			knownRegions = (
				en,
				Base,
			);
			mainGroup = 98D760152A4E2ABC00A9738D;
			packageReferences = (
				98C0A83F2A4E35DB00FA29BB /* XCRemoteSwiftPackageReference "firebase-ios-sdk" */,
				98C0A8542A4E378200FA29BB /* XCRemoteSwiftPackageReference "SnapKit" */,
			);
			productRefGroup = 98D7601F2A4E2ABC00A9738D /* Products */;
			projectDirPath = "";
			projectRoot = "";
			targets = (
				98D7601D2A4E2ABC00A9738D /* messageViewCode */,
				98D760332A4E2ABF00A9738D /* messageViewCodeTests */,
				98D7603D2A4E2ABF00A9738D /* messageViewCodeUITests */,
			);
		};
/* End PBXProject section */

/* Begin PBXResourcesBuildPhase section */
		98D7601C2A4E2ABC00A9738D /* Resources */ = {
			isa = PBXResourcesBuildPhase;
			buildActionMask = 2147483647;
			files = (
				98D7602E2A4E2ABE00A9738D /* LaunchScreen.storyboard in Resources */,
				98D0B0532A4EEA7900EF39A0 /* GoogleService-Info.plist in Resources */,
				98C0A8662A4E421800FA29BB /* Poppins-Medium.ttf in Resources */,
				98C0A8672A4E421800FA29BB /* Poppins-Bold.ttf in Resources */,
				98C0A8682A4E421800FA29BB /* Poppins-SemiBold.ttf in Resources */,
				98D7602B2A4E2ABE00A9738D /* Assets.xcassets in Resources */,
			);
			runOnlyForDeploymentPostprocessing = 0;
		};
		98D760322A4E2ABF00A9738D /* Resources */ = {
			isa = PBXResourcesBuildPhase;
			buildActionMask = 2147483647;
			files = (
			);
			runOnlyForDeploymentPostprocessing = 0;
		};
		98D7603C2A4E2ABF00A9738D /* Resources */ = {
			isa = PBXResourcesBuildPhase;
			buildActionMask = 2147483647;
			files = (
			);
			runOnlyForDeploymentPostprocessing = 0;
		};
/* End PBXResourcesBuildPhase section */

/* Begin PBXSourcesBuildPhase section */
		98D7601A2A4E2ABC00A9738D /* Sources */ = {
			isa = PBXSourcesBuildPhase;
			buildActionMask = 2147483647;
			files = (
				98C0A86C2A4E431F00FA29BB /* Extension+String.swift in Sources */,
				98C0A83A2A4E342C00FA29BB /* LoginViewController.swift in Sources */,
				98C0A8392A4E342C00FA29BB /* RegisterScreen.swift in Sources */,
				98C0A85C2A4E407500FA29BB /* Custom.swift in Sources */,
				98C0A85A2A4E3CA500FA29BB /* Extension+UIView.swift in Sources */,
				98C7A60E2A4F406B00FA1201 /* HomeViewController.swift in Sources */,
				98C7A6102A4F407F00FA1201 /* HomeScreen.swift in Sources */,
				98C0A84E2A4E364B00FA29BB /* Utils.swift in Sources */,
				98C7A6132A4F417F00FA1201 /* NavView.swift in Sources */,
				98D760262A4E2ABC00A9738D /* ViewController.swift in Sources */,
				98D760222A4E2ABC00A9738D /* AppDelegate.swift in Sources */,
				98C0A83B2A4E342C00FA29BB /* LoginScreen.swift in Sources */,
				98D760242A4E2ABC00A9738D /* SceneDelegate.swift in Sources */,
				98C0A86B2A4E431F00FA29BB /* Extension+Button.swift in Sources */,
				98C0A83E2A4E34FE00FA29BB /* Alert.swift in Sources */,
				98C0A8382A4E342C00FA29BB /* RegisterViewController.swift in Sources */,
			);
			runOnlyForDeploymentPostprocessing = 0;
		};
		98D760302A4E2ABF00A9738D /* Sources */ = {
			isa = PBXSourcesBuildPhase;
			buildActionMask = 2147483647;
			files = (
				98D760392A4E2ABF00A9738D /* messageViewCodeTests.swift in Sources */,
			);
			runOnlyForDeploymentPostprocessing = 0;
		};
		98D7603A2A4E2ABF00A9738D /* Sources */ = {
			isa = PBXSourcesBuildPhase;
			buildActionMask = 2147483647;
			files = (
				98D760452A4E2ABF00A9738D /* messageViewCodeUITestsLaunchTests.swift in Sources */,
				98D760432A4E2ABF00A9738D /* messageViewCodeUITests.swift in Sources */,
			);
			runOnlyForDeploymentPostprocessing = 0;
		};
/* End PBXSourcesBuildPhase section */

/* Begin PBXTargetDependency section */
		98D760362A4E2ABF00A9738D /* PBXTargetDependency */ = {
			isa = PBXTargetDependency;
			target = 98D7601D2A4E2ABC00A9738D /* messageViewCode */;
			targetProxy = 98D760352A4E2ABF00A9738D /* PBXContainerItemProxy */;
		};
		98D760402A4E2ABF00A9738D /* PBXTargetDependency */ = {
			isa = PBXTargetDependency;
			target = 98D7601D2A4E2ABC00A9738D /* messageViewCode */;
			targetProxy = 98D7603F2A4E2ABF00A9738D /* PBXContainerItemProxy */;
		};
/* End PBXTargetDependency section */

/* Begin PBXVariantGroup section */
		98D7602C2A4E2ABE00A9738D /* LaunchScreen.storyboard */ = {
			isa = PBXVariantGroup;
			children = (
				98D7602D2A4E2ABE00A9738D /* Base */,
			);
			name = LaunchScreen.storyboard;
			sourceTree = "<group>";
		};
/* End PBXVariantGroup section */

/* Begin XCBuildConfiguration section */
		98D760462A4E2ABF00A9738D /* Debug */ = {
			isa = XCBuildConfiguration;
			buildSettings = {
				ALWAYS_SEARCH_USER_PATHS = NO;
				CLANG_ANALYZER_NONNULL = YES;
				CLANG_ANALYZER_NUMBER_OBJECT_CONVERSION = YES_AGGRESSIVE;
				CLANG_CXX_LANGUAGE_STANDARD = "gnu++20";
				CLANG_ENABLE_MODULES = YES;
				CLANG_ENABLE_OBJC_ARC = YES;
				CLANG_ENABLE_OBJC_WEAK = YES;
				CLANG_WARN_BLOCK_CAPTURE_AUTORELEASING = YES;
				CLANG_WARN_BOOL_CONVERSION = YES;
				CLANG_WARN_COMMA = YES;
				CLANG_WARN_CONSTANT_CONVERSION = YES;
				CLANG_WARN_DEPRECATED_OBJC_IMPLEMENTATIONS = YES;
				CLANG_WARN_DIRECT_OBJC_ISA_USAGE = YES_ERROR;
				CLANG_WARN_DOCUMENTATION_COMMENTS = YES;
				CLANG_WARN_EMPTY_BODY = YES;
				CLANG_WARN_ENUM_CONVERSION = YES;
				CLANG_WARN_INFINITE_RECURSION = YES;
				CLANG_WARN_INT_CONVERSION = YES;
				CLANG_WARN_NON_LITERAL_NULL_CONVERSION = YES;
				CLANG_WARN_OBJC_IMPLICIT_RETAIN_SELF = YES;
				CLANG_WARN_OBJC_LITERAL_CONVERSION = YES;
				CLANG_WARN_OBJC_ROOT_CLASS = YES_ERROR;
				CLANG_WARN_QUOTED_INCLUDE_IN_FRAMEWORK_HEADER = YES;
				CLANG_WARN_RANGE_LOOP_ANALYSIS = YES;
				CLANG_WARN_STRICT_PROTOTYPES = YES;
				CLANG_WARN_SUSPICIOUS_MOVE = YES;
				CLANG_WARN_UNGUARDED_AVAILABILITY = YES_AGGRESSIVE;
				CLANG_WARN_UNREACHABLE_CODE = YES;
				CLANG_WARN__DUPLICATE_METHOD_MATCH = YES;
				COPY_PHASE_STRIP = NO;
				DEBUG_INFORMATION_FORMAT = dwarf;
				ENABLE_STRICT_OBJC_MSGSEND = YES;
				ENABLE_TESTABILITY = YES;
				GCC_C_LANGUAGE_STANDARD = gnu11;
				GCC_DYNAMIC_NO_PIC = NO;
				GCC_NO_COMMON_BLOCKS = YES;
				GCC_OPTIMIZATION_LEVEL = 0;
				GCC_PREPROCESSOR_DEFINITIONS = (
					"DEBUG=1",
					"$(inherited)",
				);
				GCC_WARN_64_TO_32_BIT_CONVERSION = YES;
				GCC_WARN_ABOUT_RETURN_TYPE = YES_ERROR;
				GCC_WARN_UNDECLARED_SELECTOR = YES;
				GCC_WARN_UNINITIALIZED_AUTOS = YES_AGGRESSIVE;
				GCC_WARN_UNUSED_FUNCTION = YES;
				GCC_WARN_UNUSED_VARIABLE = YES;
				IPHONEOS_DEPLOYMENT_TARGET = 16.4;
				MTL_ENABLE_DEBUG_INFO = INCLUDE_SOURCE;
				MTL_FAST_MATH = YES;
				ONLY_ACTIVE_ARCH = YES;
				SDKROOT = iphoneos;
				SWIFT_ACTIVE_COMPILATION_CONDITIONS = DEBUG;
				SWIFT_OPTIMIZATION_LEVEL = "-Onone";
			};
			name = Debug;
		};
		98D760472A4E2ABF00A9738D /* Release */ = {
			isa = XCBuildConfiguration;
			buildSettings = {
				ALWAYS_SEARCH_USER_PATHS = NO;
				CLANG_ANALYZER_NONNULL = YES;
				CLANG_ANALYZER_NUMBER_OBJECT_CONVERSION = YES_AGGRESSIVE;
				CLANG_CXX_LANGUAGE_STANDARD = "gnu++20";
				CLANG_ENABLE_MODULES = YES;
				CLANG_ENABLE_OBJC_ARC = YES;
				CLANG_ENABLE_OBJC_WEAK = YES;
				CLANG_WARN_BLOCK_CAPTURE_AUTORELEASING = YES;
				CLANG_WARN_BOOL_CONVERSION = YES;
				CLANG_WARN_COMMA = YES;
				CLANG_WARN_CONSTANT_CONVERSION = YES;
				CLANG_WARN_DEPRECATED_OBJC_IMPLEMENTATIONS = YES;
				CLANG_WARN_DIRECT_OBJC_ISA_USAGE = YES_ERROR;
				CLANG_WARN_DOCUMENTATION_COMMENTS = YES;
				CLANG_WARN_EMPTY_BODY = YES;
				CLANG_WARN_ENUM_CONVERSION = YES;
				CLANG_WARN_INFINITE_RECURSION = YES;
				CLANG_WARN_INT_CONVERSION = YES;
				CLANG_WARN_NON_LITERAL_NULL_CONVERSION = YES;
				CLANG_WARN_OBJC_IMPLICIT_RETAIN_SELF = YES;
				CLANG_WARN_OBJC_LITERAL_CONVERSION = YES;
				CLANG_WARN_OBJC_ROOT_CLASS = YES_ERROR;
				CLANG_WARN_QUOTED_INCLUDE_IN_FRAMEWORK_HEADER = YES;
				CLANG_WARN_RANGE_LOOP_ANALYSIS = YES;
				CLANG_WARN_STRICT_PROTOTYPES = YES;
				CLANG_WARN_SUSPICIOUS_MOVE = YES;
				CLANG_WARN_UNGUARDED_AVAILABILITY = YES_AGGRESSIVE;
				CLANG_WARN_UNREACHABLE_CODE = YES;
				CLANG_WARN__DUPLICATE_METHOD_MATCH = YES;
				COPY_PHASE_STRIP = NO;
				DEBUG_INFORMATION_FORMAT = "dwarf-with-dsym";
				ENABLE_NS_ASSERTIONS = NO;
				ENABLE_STRICT_OBJC_MSGSEND = YES;
				GCC_C_LANGUAGE_STANDARD = gnu11;
				GCC_NO_COMMON_BLOCKS = YES;
				GCC_WARN_64_TO_32_BIT_CONVERSION = YES;
				GCC_WARN_ABOUT_RETURN_TYPE = YES_ERROR;
				GCC_WARN_UNDECLARED_SELECTOR = YES;
				GCC_WARN_UNINITIALIZED_AUTOS = YES_AGGRESSIVE;
				GCC_WARN_UNUSED_FUNCTION = YES;
				GCC_WARN_UNUSED_VARIABLE = YES;
				IPHONEOS_DEPLOYMENT_TARGET = 16.4;
				MTL_ENABLE_DEBUG_INFO = NO;
				MTL_FAST_MATH = YES;
				SDKROOT = iphoneos;
				SWIFT_COMPILATION_MODE = wholemodule;
				SWIFT_OPTIMIZATION_LEVEL = "-O";
				VALIDATE_PRODUCT = YES;
			};
			name = Release;
		};
		98D760492A4E2ABF00A9738D /* Debug */ = {
			isa = XCBuildConfiguration;
			buildSettings = {
				ASSETCATALOG_COMPILER_APPICON_NAME = AppIcon;
				ASSETCATALOG_COMPILER_GLOBAL_ACCENT_COLOR_NAME = AccentColor;
				CODE_SIGN_STYLE = Automatic;
				CURRENT_PROJECT_VERSION = 1;
				DEVELOPMENT_TEAM = 597F2F2R8L;
				GENERATE_INFOPLIST_FILE = YES;
				INFOPLIST_FILE = messageViewCode/Info.plist;
				INFOPLIST_KEY_UIApplicationSupportsIndirectInputEvents = YES;
				INFOPLIST_KEY_UILaunchStoryboardName = LaunchScreen;
				INFOPLIST_KEY_UIMainStoryboardFile = "";
				INFOPLIST_KEY_UISupportedInterfaceOrientations_iPad = "UIInterfaceOrientationPortrait UIInterfaceOrientationPortraitUpsideDown UIInterfaceOrientationLandscapeLeft UIInterfaceOrientationLandscapeRight";
				INFOPLIST_KEY_UISupportedInterfaceOrientations_iPhone = "UIInterfaceOrientationPortrait UIInterfaceOrientationLandscapeLeft UIInterfaceOrientationLandscapeRight";
				LD_RUNPATH_SEARCH_PATHS = (
					"$(inherited)",
					"@executable_path/Frameworks",
				);
				MARKETING_VERSION = 1.0;
				PRODUCT_BUNDLE_IDENTIFIER = com.sillas.messageViewCode;
				PRODUCT_NAME = "$(TARGET_NAME)";
				SWIFT_EMIT_LOC_STRINGS = YES;
				SWIFT_VERSION = 5.0;
				TARGETED_DEVICE_FAMILY = "1,2";
			};
			name = Debug;
		};
		98D7604A2A4E2ABF00A9738D /* Release */ = {
			isa = XCBuildConfiguration;
			buildSettings = {
				ASSETCATALOG_COMPILER_APPICON_NAME = AppIcon;
				ASSETCATALOG_COMPILER_GLOBAL_ACCENT_COLOR_NAME = AccentColor;
				CODE_SIGN_STYLE = Automatic;
				CURRENT_PROJECT_VERSION = 1;
				DEVELOPMENT_TEAM = 597F2F2R8L;
				GENERATE_INFOPLIST_FILE = YES;
				INFOPLIST_FILE = messageViewCode/Info.plist;
				INFOPLIST_KEY_UIApplicationSupportsIndirectInputEvents = YES;
				INFOPLIST_KEY_UILaunchStoryboardName = LaunchScreen;
				INFOPLIST_KEY_UIMainStoryboardFile = "";
				INFOPLIST_KEY_UISupportedInterfaceOrientations_iPad = "UIInterfaceOrientationPortrait UIInterfaceOrientationPortraitUpsideDown UIInterfaceOrientationLandscapeLeft UIInterfaceOrientationLandscapeRight";
				INFOPLIST_KEY_UISupportedInterfaceOrientations_iPhone = "UIInterfaceOrientationPortrait UIInterfaceOrientationLandscapeLeft UIInterfaceOrientationLandscapeRight";
				LD_RUNPATH_SEARCH_PATHS = (
					"$(inherited)",
					"@executable_path/Frameworks",
				);
				MARKETING_VERSION = 1.0;
				PRODUCT_BUNDLE_IDENTIFIER = com.sillas.messageViewCode;
				PRODUCT_NAME = "$(TARGET_NAME)";
				SWIFT_EMIT_LOC_STRINGS = YES;
				SWIFT_VERSION = 5.0;
				TARGETED_DEVICE_FAMILY = "1,2";
			};
			name = Release;
		};
		98D7604C2A4E2ABF00A9738D /* Debug */ = {
			isa = XCBuildConfiguration;
			buildSettings = {
				ALWAYS_EMBED_SWIFT_STANDARD_LIBRARIES = YES;
				BUNDLE_LOADER = "$(TEST_HOST)";
				CODE_SIGN_STYLE = Automatic;
				CURRENT_PROJECT_VERSION = 1;
				DEVELOPMENT_TEAM = 597F2F2R8L;
				GENERATE_INFOPLIST_FILE = YES;
				IPHONEOS_DEPLOYMENT_TARGET = 16.4;
				MARKETING_VERSION = 1.0;
				PRODUCT_BUNDLE_IDENTIFIER = com.sillas.messageViewCodeTests;
				PRODUCT_NAME = "$(TARGET_NAME)";
				SWIFT_EMIT_LOC_STRINGS = NO;
				SWIFT_VERSION = 5.0;
				TARGETED_DEVICE_FAMILY = "1,2";
				TEST_HOST = "$(BUILT_PRODUCTS_DIR)/messageViewCode.app/$(BUNDLE_EXECUTABLE_FOLDER_PATH)/messageViewCode";
			};
			name = Debug;
		};
		98D7604D2A4E2ABF00A9738D /* Release */ = {
			isa = XCBuildConfiguration;
			buildSettings = {
				ALWAYS_EMBED_SWIFT_STANDARD_LIBRARIES = YES;
				BUNDLE_LOADER = "$(TEST_HOST)";
				CODE_SIGN_STYLE = Automatic;
				CURRENT_PROJECT_VERSION = 1;
				DEVELOPMENT_TEAM = 597F2F2R8L;
				GENERATE_INFOPLIST_FILE = YES;
				IPHONEOS_DEPLOYMENT_TARGET = 16.4;
				MARKETING_VERSION = 1.0;
				PRODUCT_BUNDLE_IDENTIFIER = com.sillas.messageViewCodeTests;
				PRODUCT_NAME = "$(TARGET_NAME)";
				SWIFT_EMIT_LOC_STRINGS = NO;
				SWIFT_VERSION = 5.0;
				TARGETED_DEVICE_FAMILY = "1,2";
				TEST_HOST = "$(BUILT_PRODUCTS_DIR)/messageViewCode.app/$(BUNDLE_EXECUTABLE_FOLDER_PATH)/messageViewCode";
			};
			name = Release;
		};
		98D7604F2A4E2ABF00A9738D /* Debug */ = {
			isa = XCBuildConfiguration;
			buildSettings = {
				ALWAYS_EMBED_SWIFT_STANDARD_LIBRARIES = YES;
				CODE_SIGN_STYLE = Automatic;
				CURRENT_PROJECT_VERSION = 1;
				DEVELOPMENT_TEAM = 597F2F2R8L;
				GENERATE_INFOPLIST_FILE = YES;
				MARKETING_VERSION = 1.0;
				PRODUCT_BUNDLE_IDENTIFIER = com.sillas.messageViewCodeUITests;
				PRODUCT_NAME = "$(TARGET_NAME)";
				SWIFT_EMIT_LOC_STRINGS = NO;
				SWIFT_VERSION = 5.0;
				TARGETED_DEVICE_FAMILY = "1,2";
				TEST_TARGET_NAME = messageViewCode;
			};
			name = Debug;
		};
		98D760502A4E2ABF00A9738D /* Release */ = {
			isa = XCBuildConfiguration;
			buildSettings = {
				ALWAYS_EMBED_SWIFT_STANDARD_LIBRARIES = YES;
				CODE_SIGN_STYLE = Automatic;
				CURRENT_PROJECT_VERSION = 1;
				DEVELOPMENT_TEAM = 597F2F2R8L;
				GENERATE_INFOPLIST_FILE = YES;
				MARKETING_VERSION = 1.0;
				PRODUCT_BUNDLE_IDENTIFIER = com.sillas.messageViewCodeUITests;
				PRODUCT_NAME = "$(TARGET_NAME)";
				SWIFT_EMIT_LOC_STRINGS = NO;
				SWIFT_VERSION = 5.0;
				TARGETED_DEVICE_FAMILY = "1,2";
				TEST_TARGET_NAME = messageViewCode;
			};
			name = Release;
		};
/* End XCBuildConfiguration section */

/* Begin XCConfigurationList section */
		98D760192A4E2ABC00A9738D /* Build configuration list for PBXProject "messageViewCode" */ = {
			isa = XCConfigurationList;
			buildConfigurations = (
				98D760462A4E2ABF00A9738D /* Debug */,
				98D760472A4E2ABF00A9738D /* Release */,
			);
			defaultConfigurationIsVisible = 0;
			defaultConfigurationName = Release;
		};
		98D760482A4E2ABF00A9738D /* Build configuration list for PBXNativeTarget "messageViewCode" */ = {
			isa = XCConfigurationList;
			buildConfigurations = (
				98D760492A4E2ABF00A9738D /* Debug */,
				98D7604A2A4E2ABF00A9738D /* Release */,
			);
			defaultConfigurationIsVisible = 0;
			defaultConfigurationName = Release;
		};
		98D7604B2A4E2ABF00A9738D /* Build configuration list for PBXNativeTarget "messageViewCodeTests" */ = {
			isa = XCConfigurationList;
			buildConfigurations = (
				98D7604C2A4E2ABF00A9738D /* Debug */,
				98D7604D2A4E2ABF00A9738D /* Release */,
			);
			defaultConfigurationIsVisible = 0;
			defaultConfigurationName = Release;
		};
		98D7604E2A4E2ABF00A9738D /* Build configuration list for PBXNativeTarget "messageViewCodeUITests" */ = {
			isa = XCConfigurationList;
			buildConfigurations = (
				98D7604F2A4E2ABF00A9738D /* Debug */,
				98D760502A4E2ABF00A9738D /* Release */,
			);
			defaultConfigurationIsVisible = 0;
			defaultConfigurationName = Release;
		};
/* End XCConfigurationList section */

/* Begin XCRemoteSwiftPackageReference section */
		98C0A83F2A4E35DB00FA29BB /* XCRemoteSwiftPackageReference "firebase-ios-sdk" */ = {
			isa = XCRemoteSwiftPackageReference;
			repositoryURL = "https://github.com/firebase/firebase-ios-sdk";
			requirement = {
				kind = upToNextMajorVersion;
				minimumVersion = 10.0.0;
			};
		};
		98C0A8542A4E378200FA29BB /* XCRemoteSwiftPackageReference "SnapKit" */ = {
			isa = XCRemoteSwiftPackageReference;
			repositoryURL = "https://github.com/SnapKit/SnapKit.git";
			requirement = {
				kind = upToNextMajorVersion;
				minimumVersion = 5.0.0;
			};
		};
/* End XCRemoteSwiftPackageReference section */

/* Begin XCSwiftPackageProductDependency section */
		98C0A8402A4E35DB00FA29BB /* FirebaseAnalytics */ = {
			isa = XCSwiftPackageProductDependency;
			package = 98C0A83F2A4E35DB00FA29BB /* XCRemoteSwiftPackageReference "firebase-ios-sdk" */;
			productName = FirebaseAnalytics;
		};
		98C0A8422A4E35DB00FA29BB /* FirebaseAuth */ = {
			isa = XCSwiftPackageProductDependency;
			package = 98C0A83F2A4E35DB00FA29BB /* XCRemoteSwiftPackageReference "firebase-ios-sdk" */;
			productName = FirebaseAuth;
		};
		98C0A8442A4E35DB00FA29BB /* FirebaseFirestore */ = {
			isa = XCSwiftPackageProductDependency;
			package = 98C0A83F2A4E35DB00FA29BB /* XCRemoteSwiftPackageReference "firebase-ios-sdk" */;
			productName = FirebaseFirestore;
		};
		98C0A8462A4E35DB00FA29BB /* FirebaseFirestoreSwift */ = {
			isa = XCSwiftPackageProductDependency;
			package = 98C0A83F2A4E35DB00FA29BB /* XCRemoteSwiftPackageReference "firebase-ios-sdk" */;
			productName = FirebaseFirestoreSwift;
		};
		98C0A8482A4E35DB00FA29BB /* FirebaseStorage */ = {
			isa = XCSwiftPackageProductDependency;
			package = 98C0A83F2A4E35DB00FA29BB /* XCRemoteSwiftPackageReference "firebase-ios-sdk" */;
			productName = FirebaseStorage;
		};
		98C0A8552A4E378200FA29BB /* SnapKit */ = {
			isa = XCSwiftPackageProductDependency;
			package = 98C0A8542A4E378200FA29BB /* XCRemoteSwiftPackageReference "SnapKit" */;
			productName = SnapKit;
		};
/* End XCSwiftPackageProductDependency section */
	};
	rootObject = 98D760162A4E2ABC00A9738D /* Project object */;
}
